
Microsoft Visual Studio Solution File, Format Version 12.00
# Visual Studio Version 16
VisualStudioVersion = 16.0.30011.22
MinimumVisualStudioVersion = 10.0.40219.1
Project("{9A19103F-16F7-4668-BE54-9A1E7A4F7556}") = "RelationshipManyToManyCore3", "RelationshipManyToManyCore3.csproj", "{C5BA64B0-05AB-497A-A5F8-9D37721DB243}"
EndProject
Global
	GlobalSection(SolutionConfigurationPlatforms) = preSolution
		Debug|Any CPU = Debug|Any CPU
		Release|Any CPU = Release|Any CPU
	EndGlobalSection
	GlobalSection(ProjectConfigurationPlatforms) = postSolution
		{C5BA64B0-05AB-497A-A5F8-9D37721DB243}.Debug|Any CPU.ActiveCfg = Debug|Any CPU
		{C5BA64B0-05AB-497A-A5F8-9D37721DB243}.Debug|Any CPU.Build.0 = Debug|Any CPU
		{C5BA64B0-05AB-497A-A5F8-9D37721DB243}.Release|Any CPU.ActiveCfg = Release|Any CPU
		{C5BA64B0-05AB-497A-A5F8-9D37721DB243}.Release|Any CPU.Build.0 = Release|Any CPU
	EndGlobalSection
	GlobalSection(SolutionProperties) = preSolution
		HideSolutionNode = FALSE
	EndGlobalSection
	GlobalSection(ExtensibilityGlobals) = postSolution
		SolutionGuid = {50C4CCA1-169C-4E91-B1E3-BA3F2183B3B1}
	EndGlobalSection
EndGlobal
